
Microsoft Visual Studio Solution File, Format Version 11.00
# Visual Studio 2010
Project("{FAE04EC0-301F-11D3-BF4B-00C04F79EFBC}") = "Assembly-CSharp", "Assembly-CSharp.csproj", "{5294B728-26FD-4C2B-8721-37FBD22F6F86}"
EndProject
Project("{FAE04EC0-301F-11D3-BF4B-00C04F79EFBC}") = "Assembly-CSharp-Editor", "Assembly-CSharp-Editor.csproj", "{41FE4330-E63D-0D3F-A188-804C8BD8BF43}"
EndProject
Global
	GlobalSection(SolutionConfigurationPlatforms) = preSolution
		Debug|Any CPU = Debug|Any CPU
		Release|Any CPU = Release|Any CPU
	EndGlobalSection
	GlobalSection(ProjectConfigurationPlatforms) = postSolution
		{5294B728-26FD-4C2B-8721-37FBD22F6F86}.Debug|Any CPU.ActiveCfg = Debug|Any CPU
		{5294B728-26FD-4C2B-8721-37FBD22F6F86}.Debug|Any CPU.Build.0 = Debug|Any CPU
		{5294B728-26FD-4C2B-8721-37FBD22F6F86}.Release|Any CPU.ActiveCfg = Release|Any CPU
		{5294B728-26FD-4C2B-8721-37FBD22F6F86}.Release|Any CPU.Build.0 = Release|Any CPU
		{41FE4330-E63D-0D3F-A188-804C8BD8BF43}.Debug|Any CPU.ActiveCfg = Debug|Any CPU
		{41FE4330-E63D-0D3F-A188-804C8BD8BF43}.Debug|Any CPU.Build.0 = Debug|Any CPU
		{41FE4330-E63D-0D3F-A188-804C8BD8BF43}.Release|Any CPU.ActiveCfg = Release|Any CPU
		{41FE4330-E63D-0D3F-A188-804C8BD8BF43}.Release|Any CPU.Build.0 = Release|Any CPU
	EndGlobalSection
	GlobalSection(SolutionProperties) = preSolution
		HideSolutionNode = FALSE
	EndGlobalSection
	GlobalSection(MonoDevelopProperties) = preSolution
		StartupItem = Assembly-CSharp.csproj
	EndGlobalSection
EndGlobal
